// !$*UTF8*$!
{
	archiveVersion = 1;
	classes = {
	};
	objectVersion = 56;
	objects = {

/* Begin PBXBuildFile section */
		1315C8132B316F58004ECE08 /* ScrollToTopView.swift in Sources */ = {isa = PBXBuildFile; fileRef = 1315C8122B316F58004ECE08 /* ScrollToTopView.swift */; };
		131EE3F02B2DEC8700FA6241 /* homePosts.json in Resources */ = {isa = PBXBuildFile; fileRef = 131EE3EF2B2DEC8700FA6241 /* homePosts.json */; };
		131EE4082B2DF50600FA6241 /* APIServices.swift in Sources */ = {isa = PBXBuildFile; fileRef = 131EE4072B2DF50600FA6241 /* APIServices.swift */; };
		131EE40A2B2DF59200FA6241 /* Typealias.swift in Sources */ = {isa = PBXBuildFile; fileRef = 131EE4092B2DF59200FA6241 /* Typealias.swift */; };
		131EE40D2B2DF91600FA6241 /* SwiftyJSON in Frameworks */ = {isa = PBXBuildFile; productRef = 131EE40C2B2DF91600FA6241 /* SwiftyJSON */; };
		131EE40F2B2DF9E100FA6241 /* ResponseDecoder.swift in Sources */ = {isa = PBXBuildFile; fileRef = 131EE40E2B2DF9E100FA6241 /* ResponseDecoder.swift */; };
		1381B6432B32C1B000C49721 /* CustomButtons.swift in Sources */ = {isa = PBXBuildFile; fileRef = 1381B6422B32C1B000C49721 /* CustomButtons.swift */; };
		13A1CCC32B301C7C0035FA11 /* profileUser.json in Resources */ = {isa = PBXBuildFile; fileRef = 13A1CCC22B301C7C0035FA11 /* profileUser.json */; };
		13A1CCC82B304ECD0035FA11 /* CommentsView.swift in Sources */ = {isa = PBXBuildFile; fileRef = 13A1CCC72B304ECD0035FA11 /* CommentsView.swift */; };
		13A1CCCA2B30686F0035FA11 /* CommentRow.swift in Sources */ = {isa = PBXBuildFile; fileRef = 13A1CCC92B30686F0035FA11 /* CommentRow.swift */; };
		13A1CCD92B309EA90035FA11 /* chatUsers.json in Resources */ = {isa = PBXBuildFile; fileRef = 13A1CCD82B309EA90035FA11 /* chatUsers.json */; };
		13A1CCDB2B30A56C0035FA11 /* searchItems.json in Resources */ = {isa = PBXBuildFile; fileRef = 13A1CCDA2B30A56C0035FA11 /* searchItems.json */; };
		13A1CCDD2B30A9D90035FA11 /* SearchResultModel.swift in Sources */ = {isa = PBXBuildFile; fileRef = 13A1CCDC2B30A9D90035FA11 /* SearchResultModel.swift */; };
		13F57BEF2B2B643D00C1AEA8 /* CustomHalfSheet.swift in Sources */ = {isa = PBXBuildFile; fileRef = 13F57BEE2B2B643D00C1AEA8 /* CustomHalfSheet.swift */; };
		13F617ED2B2E8A47005A867C /* SearchItemsView.swift in Sources */ = {isa = PBXBuildFile; fileRef = 13F617EC2B2E8A47005A867C /* SearchItemsView.swift */; };
		13FC57162B2BF1510077309A /* CustomHostingController.swift in Sources */ = {isa = PBXBuildFile; fileRef = 13FC57152B2BF1510077309A /* CustomHostingController.swift */; };
		BCED0D4D2AD997B4007D00C0 /* SocialWaveAppApp.swift in Sources */ = {isa = PBXBuildFile; fileRef = BCED0D4C2AD997B4007D00C0 /* SocialWaveAppApp.swift */; };
		BCED0D4F2AD997B4007D00C0 /* ContentView.swift in Sources */ = {isa = PBXBuildFile; fileRef = BCED0D4E2AD997B4007D00C0 /* ContentView.swift */; };
		BCED0D512AD997B4007D00C0 /* Assets.xcassets in Resources */ = {isa = PBXBuildFile; fileRef = BCED0D502AD997B4007D00C0 /* Assets.xcassets */; };
		BCED0D542AD997B4007D00C0 /* Preview Assets.xcassets in Resources */ = {isa = PBXBuildFile; fileRef = BCED0D532AD997B4007D00C0 /* Preview Assets.xcassets */; };
		BCED0D632AD9984F007D00C0 /* RatingEnum.swift in Sources */ = {isa = PBXBuildFile; fileRef = BCED0D622AD9984F007D00C0 /* RatingEnum.swift */; };
		BCED0D652AD99864007D00C0 /* CategoriesEnum.swift in Sources */ = {isa = PBXBuildFile; fileRef = BCED0D642AD99864007D00C0 /* CategoriesEnum.swift */; };
		BCED0D672AD99880007D00C0 /* NotificationsEnum.swift in Sources */ = {isa = PBXBuildFile; fileRef = BCED0D662AD99880007D00C0 /* NotificationsEnum.swift */; };
		BCED0D692AD998AF007D00C0 /* Extension+UIScreen.swift in Sources */ = {isa = PBXBuildFile; fileRef = BCED0D682AD998AF007D00C0 /* Extension+UIScreen.swift */; };
		BCED0D6B2AD998C6007D00C0 /* Extension+Date.swift in Sources */ = {isa = PBXBuildFile; fileRef = BCED0D6A2AD998C6007D00C0 /* Extension+Date.swift */; };
		BCED0D6D2AD998DF007D00C0 /* Extension+String.swift in Sources */ = {isa = PBXBuildFile; fileRef = BCED0D6C2AD998DF007D00C0 /* Extension+String.swift */; };
		BCED0D6F2AD998F3007D00C0 /* Extension+NSError.swift in Sources */ = {isa = PBXBuildFile; fileRef = BCED0D6E2AD998F3007D00C0 /* Extension+NSError.swift */; };
		C40F963A2B1375830008AC54 /* Extension+Font.swift in Sources */ = {isa = PBXBuildFile; fileRef = C40F96392B1375830008AC54 /* Extension+Font.swift */; };
		C40F963C2B1376220008AC54 /* MessageModel.swift in Sources */ = {isa = PBXBuildFile; fileRef = C40F963B2B1376220008AC54 /* MessageModel.swift */; };
		C40F963E2B1376510008AC54 /* ChatViewModel.swift in Sources */ = {isa = PBXBuildFile; fileRef = C40F963D2B1376510008AC54 /* ChatViewModel.swift */; };
		C40F96412B13770E0008AC54 /* ChatViewChild.swift in Sources */ = {isa = PBXBuildFile; fileRef = C40F96402B13770E0008AC54 /* ChatViewChild.swift */; };
		C411A6262AE6BCD600FC0B8D /* CustomImagePicker.swift in Sources */ = {isa = PBXBuildFile; fileRef = C411A6252AE6BCD600FC0B8D /* CustomImagePicker.swift */; };
		C411A62A2AE6BD4E00FC0B8D /* Cache.swift in Sources */ = {isa = PBXBuildFile; fileRef = C411A6292AE6BD4E00FC0B8D /* Cache.swift */; };
		C411A62C2AE6BD7E00FC0B8D /* QuickUserModel.swift in Sources */ = {isa = PBXBuildFile; fileRef = C411A62B2AE6BD7E00FC0B8D /* QuickUserModel.swift */; };
		C411A62E2AE6BDB500FC0B8D /* PostModel.swift in Sources */ = {isa = PBXBuildFile; fileRef = C411A62D2AE6BDB500FC0B8D /* PostModel.swift */; };
		C411A6302AE6BDFD00FC0B8D /* CustomTextFieldStyles.swift in Sources */ = {isa = PBXBuildFile; fileRef = C411A62F2AE6BDFD00FC0B8D /* CustomTextFieldStyles.swift */; };
		C411A6322AE6BE4C00FC0B8D /* CustomButtonStyle.swift in Sources */ = {isa = PBXBuildFile; fileRef = C411A6312AE6BE4C00FC0B8D /* CustomButtonStyle.swift */; };
		C411A6342AE6BEFA00FC0B8D /* CommentModel.swift in Sources */ = {isa = PBXBuildFile; fileRef = C411A6332AE6BEFA00FC0B8D /* CommentModel.swift */; };
		C411A6362AE6BF4D00FC0B8D /* NotificationModel.swift in Sources */ = {isa = PBXBuildFile; fileRef = C411A6352AE6BF4D00FC0B8D /* NotificationModel.swift */; };
		C411A6382AE6BF9100FC0B8D /* ReportModel.swift in Sources */ = {isa = PBXBuildFile; fileRef = C411A6372AE6BF9100FC0B8D /* ReportModel.swift */; };
		C411A63A2AE6C38B00FC0B8D /* CustomFloatingTabbar.swift in Sources */ = {isa = PBXBuildFile; fileRef = C411A6392AE6C38B00FC0B8D /* CustomFloatingTabbar.swift */; };
		C411A63C2AE6C3D300FC0B8D /* Extension+Color.swift in Sources */ = {isa = PBXBuildFile; fileRef = C411A63B2AE6C3D300FC0B8D /* Extension+Color.swift */; };
		C411A63E2AE6C42F00FC0B8D /* Extension+Image.swift in Sources */ = {isa = PBXBuildFile; fileRef = C411A63D2AE6C42F00FC0B8D /* Extension+Image.swift */; };
		C411A6402AE6C5D500FC0B8D /* HomeView.swift in Sources */ = {isa = PBXBuildFile; fileRef = C411A63F2AE6C5D500FC0B8D /* HomeView.swift */; };
		C41BD0182AE909E100BBEB0E /* CustomToolBar.swift in Sources */ = {isa = PBXBuildFile; fileRef = C41BD0172AE909E100BBEB0E /* CustomToolBar.swift */; };
		C41BD01A2AE95AF300BBEB0E /* SearchView.swift in Sources */ = {isa = PBXBuildFile; fileRef = C41BD0192AE95AF300BBEB0E /* SearchView.swift */; };
		C41BD01C2AE95B0000BBEB0E /* ChatView.swift in Sources */ = {isa = PBXBuildFile; fileRef = C41BD01B2AE95B0000BBEB0E /* ChatView.swift */; };
		C41BD01E2AE95B0A00BBEB0E /* ProfileView.swift in Sources */ = {isa = PBXBuildFile; fileRef = C41BD01D2AE95B0A00BBEB0E /* ProfileView.swift */; };
		C41BD0242AE95D0F00BBEB0E /* PostView.swift in Sources */ = {isa = PBXBuildFile; fileRef = C41BD0232AE95D0F00BBEB0E /* PostView.swift */; };
		C42800C02AED2D4E000E6CB2 /* Kingfisher in Frameworks */ = {isa = PBXBuildFile; productRef = C42800BF2AED2D4E000E6CB2 /* Kingfisher */; };
		C42800C42AED45BF000E6CB2 /* PostHeaderView.swift in Sources */ = {isa = PBXBuildFile; fileRef = C42800C32AED45BF000E6CB2 /* PostHeaderView.swift */; };
		C42800C62AED460D000E6CB2 /* PostBodyView.swift in Sources */ = {isa = PBXBuildFile; fileRef = C42800C52AED460D000E6CB2 /* PostBodyView.swift */; };
		C4370E2C2AF272B9001BE863 /* SearchViewModel.swift in Sources */ = {isa = PBXBuildFile; fileRef = C4370E2B2AF272B9001BE863 /* SearchViewModel.swift */; };
		C43AF66D2AF69ADF001C1BC4 /* ProfileViewModel.swift in Sources */ = {isa = PBXBuildFile; fileRef = C43AF66C2AF69ADF001C1BC4 /* ProfileViewModel.swift */; };
		C43AF6732AF6A7BB001C1BC4 /* CardView.swift in Sources */ = {isa = PBXBuildFile; fileRef = C43AF6722AF6A7BB001C1BC4 /* CardView.swift */; };
		C43AF6762AF6A85D001C1BC4 /* UserImageProfileView.swift in Sources */ = {isa = PBXBuildFile; fileRef = C43AF6752AF6A85D001C1BC4 /* UserImageProfileView.swift */; };
		C43AF6782AF6AA5D001C1BC4 /* UserHeaderView.swift in Sources */ = {isa = PBXBuildFile; fileRef = C43AF6772AF6AA5D001C1BC4 /* UserHeaderView.swift */; };
		C44B073B2AE67E7E00848400 /* UserModel.swift in Sources */ = {isa = PBXBuildFile; fileRef = C44B073A2AE67E7E00848400 /* UserModel.swift */; };
		C44B073D2AE682BB00848400 /* HomeViewModel.swift in Sources */ = {isa = PBXBuildFile; fileRef = C44B073C2AE682BB00848400 /* HomeViewModel.swift */; };
		C44B073F2AE684A800848400 /* Constant.swift in Sources */ = {isa = PBXBuildFile; fileRef = C44B073E2AE684A800848400 /* Constant.swift */; };
		C451519F2B0903C0009419E9 /* CustomSearchBar.swift in Sources */ = {isa = PBXBuildFile; fileRef = C451519E2B0903C0009419E9 /* CustomSearchBar.swift */; };
		C45151A12B090406009419E9 /* SearchSubView.swift in Sources */ = {isa = PBXBuildFile; fileRef = C45151A02B090406009419E9 /* SearchSubView.swift */; };
		C48E0EE52B13327C00D7260C /* UserPostView.swift in Sources */ = {isa = PBXBuildFile; fileRef = C48E0EE42B13327B00D7260C /* UserPostView.swift */; };
		C48E0EE72B1332CB00D7260C /* UserLikesView.swift in Sources */ = {isa = PBXBuildFile; fileRef = C48E0EE62B1332CB00D7260C /* UserLikesView.swift */; };
		C498FF9F2B119EA60038463B /* Extension+View.swift in Sources */ = {isa = PBXBuildFile; fileRef = C498FF9E2B119EA60038463B /* Extension+View.swift */; };
		C498FFA12B119EDA0038463B /* CustomTabBarButton.swift in Sources */ = {isa = PBXBuildFile; fileRef = C498FFA02B119EDA0038463B /* CustomTabBarButton.swift */; };
		C498FFA32B119F1B0038463B /* CustomTopTabBar.swift in Sources */ = {isa = PBXBuildFile; fileRef = C498FFA22B119F1B0038463B /* CustomTopTabBar.swift */; };
		C4BD2F002AF209EA001F4D7F /* PostFooterView.swift in Sources */ = {isa = PBXBuildFile; fileRef = C4BD2EFF2AF209EA001F4D7F /* PostFooterView.swift */; };
		C4BD2F022AF22AF4001F4D7F /* CategoryView.swift in Sources */ = {isa = PBXBuildFile; fileRef = C4BD2F012AF22AF4001F4D7F /* CategoryView.swift */; };
/* End PBXBuildFile section */

/* Begin PBXFileReference section */
		1315C8122B316F58004ECE08 /* ScrollToTopView.swift */ = {isa = PBXFileReference; lastKnownFileType = sourcecode.swift; path = ScrollToTopView.swift; sourceTree = "<group>"; };
		131EE3EF2B2DEC8700FA6241 /* homePosts.json */ = {isa = PBXFileReference; lastKnownFileType = text.json; path = homePosts.json; sourceTree = "<group>"; };
		131EE4072B2DF50600FA6241 /* APIServices.swift */ = {isa = PBXFileReference; lastKnownFileType = sourcecode.swift; path = APIServices.swift; sourceTree = "<group>"; };
		131EE4092B2DF59200FA6241 /* Typealias.swift */ = {isa = PBXFileReference; lastKnownFileType = sourcecode.swift; path = Typealias.swift; sourceTree = "<group>"; };
		131EE40E2B2DF9E100FA6241 /* ResponseDecoder.swift */ = {isa = PBXFileReference; lastKnownFileType = sourcecode.swift; path = ResponseDecoder.swift; sourceTree = "<group>"; };
		1381B6422B32C1B000C49721 /* CustomButtons.swift */ = {isa = PBXFileReference; lastKnownFileType = sourcecode.swift; path = CustomButtons.swift; sourceTree = "<group>"; };
		13A1CCC22B301C7C0035FA11 /* profileUser.json */ = {isa = PBXFileReference; lastKnownFileType = text.json; path = profileUser.json; sourceTree = "<group>"; };
		13A1CCC72B304ECD0035FA11 /* CommentsView.swift */ = {isa = PBXFileReference; lastKnownFileType = sourcecode.swift; path = CommentsView.swift; sourceTree = "<group>"; };
		13A1CCC92B30686F0035FA11 /* CommentRow.swift */ = {isa = PBXFileReference; lastKnownFileType = sourcecode.swift; path = CommentRow.swift; sourceTree = "<group>"; };
		13A1CCD82B309EA90035FA11 /* chatUsers.json */ = {isa = PBXFileReference; lastKnownFileType = text.json; path = chatUsers.json; sourceTree = "<group>"; };
		13A1CCDA2B30A56C0035FA11 /* searchItems.json */ = {isa = PBXFileReference; lastKnownFileType = text.json; path = searchItems.json; sourceTree = "<group>"; };
		13A1CCDC2B30A9D90035FA11 /* SearchResultModel.swift */ = {isa = PBXFileReference; lastKnownFileType = sourcecode.swift; path = SearchResultModel.swift; sourceTree = "<group>"; };
		13F57BEE2B2B643D00C1AEA8 /* CustomHalfSheet.swift */ = {isa = PBXFileReference; lastKnownFileType = sourcecode.swift; path = CustomHalfSheet.swift; sourceTree = "<group>"; };
		13F617EC2B2E8A47005A867C /* SearchItemsView.swift */ = {isa = PBXFileReference; lastKnownFileType = sourcecode.swift; path = SearchItemsView.swift; sourceTree = "<group>"; };
		13FC57152B2BF1510077309A /* CustomHostingController.swift */ = {isa = PBXFileReference; lastKnownFileType = sourcecode.swift; path = CustomHostingController.swift; sourceTree = "<group>"; };
		BCED0D492AD997B4007D00C0 /* SocialWaveApp.app */ = {isa = PBXFileReference; explicitFileType = wrapper.application; includeInIndex = 0; path = SocialWaveApp.app; sourceTree = BUILT_PRODUCTS_DIR; };
		BCED0D4C2AD997B4007D00C0 /* SocialWaveAppApp.swift */ = {isa = PBXFileReference; lastKnownFileType = sourcecode.swift; path = SocialWaveAppApp.swift; sourceTree = "<group>"; };
		BCED0D4E2AD997B4007D00C0 /* ContentView.swift */ = {isa = PBXFileReference; lastKnownFileType = sourcecode.swift; path = ContentView.swift; sourceTree = "<group>"; };
		BCED0D502AD997B4007D00C0 /* Assets.xcassets */ = {isa = PBXFileReference; lastKnownFileType = folder.assetcatalog; path = Assets.xcassets; sourceTree = "<group>"; };
		BCED0D532AD997B4007D00C0 /* Preview Assets.xcassets */ = {isa = PBXFileReference; lastKnownFileType = folder.assetcatalog; path = "Preview Assets.xcassets"; sourceTree = "<group>"; };
		BCED0D622AD9984F007D00C0 /* RatingEnum.swift */ = {isa = PBXFileReference; lastKnownFileType = sourcecode.swift; path = RatingEnum.swift; sourceTree = "<group>"; };
		BCED0D642AD99864007D00C0 /* CategoriesEnum.swift */ = {isa = PBXFileReference; lastKnownFileType = sourcecode.swift; path = CategoriesEnum.swift; sourceTree = "<group>"; };
		BCED0D662AD99880007D00C0 /* NotificationsEnum.swift */ = {isa = PBXFileReference; lastKnownFileType = sourcecode.swift; path = NotificationsEnum.swift; sourceTree = "<group>"; };
		BCED0D682AD998AF007D00C0 /* Extension+UIScreen.swift */ = {isa = PBXFileReference; lastKnownFileType = sourcecode.swift; path = "Extension+UIScreen.swift"; sourceTree = "<group>"; };
		BCED0D6A2AD998C6007D00C0 /* Extension+Date.swift */ = {isa = PBXFileReference; lastKnownFileType = sourcecode.swift; path = "Extension+Date.swift"; sourceTree = "<group>"; };
		BCED0D6C2AD998DF007D00C0 /* Extension+String.swift */ = {isa = PBXFileReference; lastKnownFileType = sourcecode.swift; path = "Extension+String.swift"; sourceTree = "<group>"; };
		BCED0D6E2AD998F3007D00C0 /* Extension+NSError.swift */ = {isa = PBXFileReference; lastKnownFileType = sourcecode.swift; path = "Extension+NSError.swift"; sourceTree = "<group>"; };
		C40F96392B1375830008AC54 /* Extension+Font.swift */ = {isa = PBXFileReference; lastKnownFileType = sourcecode.swift; path = "Extension+Font.swift"; sourceTree = "<group>"; };
		C40F963B2B1376220008AC54 /* MessageModel.swift */ = {isa = PBXFileReference; lastKnownFileType = sourcecode.swift; path = MessageModel.swift; sourceTree = "<group>"; };
		C40F963D2B1376510008AC54 /* ChatViewModel.swift */ = {isa = PBXFileReference; lastKnownFileType = sourcecode.swift; path = ChatViewModel.swift; sourceTree = "<group>"; };
		C40F96402B13770E0008AC54 /* ChatViewChild.swift */ = {isa = PBXFileReference; lastKnownFileType = sourcecode.swift; path = ChatViewChild.swift; sourceTree = "<group>"; };
		C411A6252AE6BCD600FC0B8D /* CustomImagePicker.swift */ = {isa = PBXFileReference; lastKnownFileType = sourcecode.swift; path = CustomImagePicker.swift; sourceTree = "<group>"; };
		C411A6292AE6BD4E00FC0B8D /* Cache.swift */ = {isa = PBXFileReference; lastKnownFileType = sourcecode.swift; path = Cache.swift; sourceTree = "<group>"; };
		C411A62B2AE6BD7E00FC0B8D /* QuickUserModel.swift */ = {isa = PBXFileReference; lastKnownFileType = sourcecode.swift; path = QuickUserModel.swift; sourceTree = "<group>"; };
		C411A62D2AE6BDB500FC0B8D /* PostModel.swift */ = {isa = PBXFileReference; lastKnownFileType = sourcecode.swift; path = PostModel.swift; sourceTree = "<group>"; };
		C411A62F2AE6BDFD00FC0B8D /* CustomTextFieldStyles.swift */ = {isa = PBXFileReference; lastKnownFileType = sourcecode.swift; path = CustomTextFieldStyles.swift; sourceTree = "<group>"; };
		C411A6312AE6BE4C00FC0B8D /* CustomButtonStyle.swift */ = {isa = PBXFileReference; lastKnownFileType = sourcecode.swift; path = CustomButtonStyle.swift; sourceTree = "<group>"; };
		C411A6332AE6BEFA00FC0B8D /* CommentModel.swift */ = {isa = PBXFileReference; lastKnownFileType = sourcecode.swift; path = CommentModel.swift; sourceTree = "<group>"; };
		C411A6352AE6BF4D00FC0B8D /* NotificationModel.swift */ = {isa = PBXFileReference; lastKnownFileType = sourcecode.swift; path = NotificationModel.swift; sourceTree = "<group>"; };
		C411A6372AE6BF9100FC0B8D /* ReportModel.swift */ = {isa = PBXFileReference; lastKnownFileType = sourcecode.swift; path = ReportModel.swift; sourceTree = "<group>"; };
		C411A6392AE6C38B00FC0B8D /* CustomFloatingTabbar.swift */ = {isa = PBXFileReference; lastKnownFileType = sourcecode.swift; path = CustomFloatingTabbar.swift; sourceTree = "<group>"; };
		C411A63B2AE6C3D300FC0B8D /* Extension+Color.swift */ = {isa = PBXFileReference; lastKnownFileType = sourcecode.swift; path = "Extension+Color.swift"; sourceTree = "<group>"; };
		C411A63D2AE6C42F00FC0B8D /* Extension+Image.swift */ = {isa = PBXFileReference; lastKnownFileType = sourcecode.swift; path = "Extension+Image.swift"; sourceTree = "<group>"; };
		C411A63F2AE6C5D500FC0B8D /* HomeView.swift */ = {isa = PBXFileReference; lastKnownFileType = sourcecode.swift; path = HomeView.swift; sourceTree = "<group>"; };
		C41BD0172AE909E100BBEB0E /* CustomToolBar.swift */ = {isa = PBXFileReference; lastKnownFileType = sourcecode.swift; path = CustomToolBar.swift; sourceTree = "<group>"; };
		C41BD0192AE95AF300BBEB0E /* SearchView.swift */ = {isa = PBXFileReference; lastKnownFileType = sourcecode.swift; path = SearchView.swift; sourceTree = "<group>"; };
		C41BD01B2AE95B0000BBEB0E /* ChatView.swift */ = {isa = PBXFileReference; lastKnownFileType = sourcecode.swift; path = ChatView.swift; sourceTree = "<group>"; };
		C41BD01D2AE95B0A00BBEB0E /* ProfileView.swift */ = {isa = PBXFileReference; lastKnownFileType = sourcecode.swift; path = ProfileView.swift; sourceTree = "<group>"; };
		C41BD0232AE95D0F00BBEB0E /* PostView.swift */ = {isa = PBXFileReference; lastKnownFileType = sourcecode.swift; path = PostView.swift; sourceTree = "<group>"; };
		C42800C32AED45BF000E6CB2 /* PostHeaderView.swift */ = {isa = PBXFileReference; lastKnownFileType = sourcecode.swift; path = PostHeaderView.swift; sourceTree = "<group>"; };
		C42800C52AED460D000E6CB2 /* PostBodyView.swift */ = {isa = PBXFileReference; lastKnownFileType = sourcecode.swift; path = PostBodyView.swift; sourceTree = "<group>"; };
		C4370E2B2AF272B9001BE863 /* SearchViewModel.swift */ = {isa = PBXFileReference; lastKnownFileType = sourcecode.swift; path = SearchViewModel.swift; sourceTree = "<group>"; };
		C43AF66C2AF69ADF001C1BC4 /* ProfileViewModel.swift */ = {isa = PBXFileReference; lastKnownFileType = sourcecode.swift; path = ProfileViewModel.swift; sourceTree = "<group>"; };
		C43AF6722AF6A7BB001C1BC4 /* CardView.swift */ = {isa = PBXFileReference; lastKnownFileType = sourcecode.swift; path = CardView.swift; sourceTree = "<group>"; };
		C43AF6752AF6A85D001C1BC4 /* UserImageProfileView.swift */ = {isa = PBXFileReference; lastKnownFileType = sourcecode.swift; path = UserImageProfileView.swift; sourceTree = "<group>"; };
		C43AF6772AF6AA5D001C1BC4 /* UserHeaderView.swift */ = {isa = PBXFileReference; lastKnownFileType = sourcecode.swift; path = UserHeaderView.swift; sourceTree = "<group>"; };
		C44B073A2AE67E7E00848400 /* UserModel.swift */ = {isa = PBXFileReference; lastKnownFileType = sourcecode.swift; path = UserModel.swift; sourceTree = "<group>"; };
		C44B073C2AE682BB00848400 /* HomeViewModel.swift */ = {isa = PBXFileReference; lastKnownFileType = sourcecode.swift; path = HomeViewModel.swift; sourceTree = "<group>"; };
		C44B073E2AE684A800848400 /* Constant.swift */ = {isa = PBXFileReference; lastKnownFileType = sourcecode.swift; path = Constant.swift; sourceTree = "<group>"; };
		C451519E2B0903C0009419E9 /* CustomSearchBar.swift */ = {isa = PBXFileReference; lastKnownFileType = sourcecode.swift; path = CustomSearchBar.swift; sourceTree = "<group>"; };
		C45151A02B090406009419E9 /* SearchSubView.swift */ = {isa = PBXFileReference; lastKnownFileType = sourcecode.swift; path = SearchSubView.swift; sourceTree = "<group>"; };
		C48E0EE42B13327B00D7260C /* UserPostView.swift */ = {isa = PBXFileReference; lastKnownFileType = sourcecode.swift; path = UserPostView.swift; sourceTree = "<group>"; };
		C48E0EE62B1332CB00D7260C /* UserLikesView.swift */ = {isa = PBXFileReference; lastKnownFileType = sourcecode.swift; path = UserLikesView.swift; sourceTree = "<group>"; };
		C498FF9E2B119EA60038463B /* Extension+View.swift */ = {isa = PBXFileReference; lastKnownFileType = sourcecode.swift; path = "Extension+View.swift"; sourceTree = "<group>"; };
		C498FFA02B119EDA0038463B /* CustomTabBarButton.swift */ = {isa = PBXFileReference; lastKnownFileType = sourcecode.swift; path = CustomTabBarButton.swift; sourceTree = "<group>"; };
		C498FFA22B119F1B0038463B /* CustomTopTabBar.swift */ = {isa = PBXFileReference; lastKnownFileType = sourcecode.swift; path = CustomTopTabBar.swift; sourceTree = "<group>"; };
		C4BD2EFF2AF209EA001F4D7F /* PostFooterView.swift */ = {isa = PBXFileReference; lastKnownFileType = sourcecode.swift; path = PostFooterView.swift; sourceTree = "<group>"; };
		C4BD2F012AF22AF4001F4D7F /* CategoryView.swift */ = {isa = PBXFileReference; lastKnownFileType = sourcecode.swift; path = CategoryView.swift; sourceTree = "<group>"; };
/* End PBXFileReference section */

/* Begin PBXFrameworksBuildPhase section */
		BCED0D462AD997B4007D00C0 /* Frameworks */ = {
			isa = PBXFrameworksBuildPhase;
			buildActionMask = 2147483647;
			files = (
				131EE40D2B2DF91600FA6241 /* SwiftyJSON in Frameworks */,
				C42800C02AED2D4E000E6CB2 /* Kingfisher in Frameworks */,
			);
			runOnlyForDeploymentPostprocessing = 0;
		};
/* End PBXFrameworksBuildPhase section */

/* Begin PBXGroup section */
		13A1CCC42B303BE40035FA11 /* Comment */ = {
			isa = PBXGroup;
			children = (
				13A1CCC72B304ECD0035FA11 /* CommentsView.swift */,
				13A1CCC92B30686F0035FA11 /* CommentRow.swift */,
			);
			path = Comment;
			sourceTree = "<group>";
		};
		13FC57172B2C0A6B0077309A /* CustomUI */ = {
			isa = PBXGroup;
			children = (
				C411A6312AE6BE4C00FC0B8D /* CustomButtonStyle.swift */,
				C411A6392AE6C38B00FC0B8D /* CustomFloatingTabbar.swift */,
				1381B6422B32C1B000C49721 /* CustomButtons.swift */,
				13F57BEE2B2B643D00C1AEA8 /* CustomHalfSheet.swift */,
				13FC57152B2BF1510077309A /* CustomHostingController.swift */,
				C411A6252AE6BCD600FC0B8D /* CustomImagePicker.swift */,
				C451519E2B0903C0009419E9 /* CustomSearchBar.swift */,
				C498FFA02B119EDA0038463B /* CustomTabBarButton.swift */,
				C411A62F2AE6BDFD00FC0B8D /* CustomTextFieldStyles.swift */,
				C41BD0172AE909E100BBEB0E /* CustomToolBar.swift */,
				C498FFA22B119F1B0038463B /* CustomTopTabBar.swift */,
			);
			path = CustomUI;
			sourceTree = "<group>";
		};
		13FC57182B2C0A8F0077309A /* Helpers */ = {
			isa = PBXGroup;
			children = (
				C44B073E2AE684A800848400 /* Constant.swift */,
				C411A6292AE6BD4E00FC0B8D /* Cache.swift */,
				131EE4092B2DF59200FA6241 /* Typealias.swift */,
				131EE40E2B2DF9E100FA6241 /* ResponseDecoder.swift */,
			);
			path = Helpers;
			sourceTree = "<group>";
		};
		13FC57242B2C0C7B0077309A /* Resources */ = {
			isa = PBXGroup;
			children = (
				BCED0D502AD997B4007D00C0 /* Assets.xcassets */,
				13FC57252B2C0CC90077309A /* JSON */,
			);
			path = Resources;
			sourceTree = "<group>";
		};
		13FC57252B2C0CC90077309A /* JSON */ = {
			isa = PBXGroup;
			children = (
				131EE3EF2B2DEC8700FA6241 /* homePosts.json */,
				13A1CCDA2B30A56C0035FA11 /* searchItems.json */,
				13A1CCD82B309EA90035FA11 /* chatUsers.json */,
				13A1CCC22B301C7C0035FA11 /* profileUser.json */,
			);
			path = JSON;
			sourceTree = "<group>";
		};
		BCED0D402AD997B4007D00C0 = {
			isa = PBXGroup;
			children = (
				BCED0D4B2AD997B4007D00C0 /* SocialWaveApp */,
				BCED0D4A2AD997B4007D00C0 /* Products */,
			);
			sourceTree = "<group>";
		};
		BCED0D4A2AD997B4007D00C0 /* Products */ = {
			isa = PBXGroup;
			children = (
				BCED0D492AD997B4007D00C0 /* SocialWaveApp.app */,
			);
			name = Products;
			sourceTree = "<group>";
		};
		BCED0D4B2AD997B4007D00C0 /* SocialWaveApp */ = {
			isa = PBXGroup;
			children = (
				BCED0D5C2AD997F7007D00C0 /* App */,
				BCED0D5A2AD997D9007D00C0 /* Enums */,
				BCED0D5B2AD997E9007D00C0 /* Extensions */,
				BCED0D5E2AD99808007D00C0 /* Managers */,
				BCED0D5F2AD99813007D00C0 /* Model */,
				BCED0D522AD997B4007D00C0 /* Preview Content */,
				13FC57242B2C0C7B0077309A /* Resources */,
				BCED0D5D2AD997FF007D00C0 /* Utilities */,
				BCED0D612AD9982F007D00C0 /* View */,
				BCED0D602AD99824007D00C0 /* ViewModels */,
			);
			path = SocialWaveApp;
			sourceTree = "<group>";
		};
		BCED0D522AD997B4007D00C0 /* Preview Content */ = {
			isa = PBXGroup;
			children = (
				BCED0D532AD997B4007D00C0 /* Preview Assets.xcassets */,
			);
			path = "Preview Content";
			sourceTree = "<group>";
		};
		BCED0D5A2AD997D9007D00C0 /* Enums */ = {
			isa = PBXGroup;
			children = (
				BCED0D622AD9984F007D00C0 /* RatingEnum.swift */,
				BCED0D642AD99864007D00C0 /* CategoriesEnum.swift */,
				BCED0D662AD99880007D00C0 /* NotificationsEnum.swift */,
			);
			path = Enums;
			sourceTree = "<group>";
		};
		BCED0D5B2AD997E9007D00C0 /* Extensions */ = {
			isa = PBXGroup;
			children = (
				BCED0D682AD998AF007D00C0 /* Extension+UIScreen.swift */,
				BCED0D6A2AD998C6007D00C0 /* Extension+Date.swift */,
				BCED0D6C2AD998DF007D00C0 /* Extension+String.swift */,
				BCED0D6E2AD998F3007D00C0 /* Extension+NSError.swift */,
				C411A63B2AE6C3D300FC0B8D /* Extension+Color.swift */,
				C411A63D2AE6C42F00FC0B8D /* Extension+Image.swift */,
				C498FF9E2B119EA60038463B /* Extension+View.swift */,
				C40F96392B1375830008AC54 /* Extension+Font.swift */,
			);
			path = Extensions;
			sourceTree = "<group>";
		};
		BCED0D5C2AD997F7007D00C0 /* App */ = {
			isa = PBXGroup;
			children = (
				BCED0D4C2AD997B4007D00C0 /* SocialWaveAppApp.swift */,
				BCED0D4E2AD997B4007D00C0 /* ContentView.swift */,
			);
			path = App;
			sourceTree = "<group>";
		};
		BCED0D5D2AD997FF007D00C0 /* Utilities */ = {
			isa = PBXGroup;
			children = (
				13FC57172B2C0A6B0077309A /* CustomUI */,
				13FC57182B2C0A8F0077309A /* Helpers */,
			);
			path = Utilities;
			sourceTree = "<group>";
		};
		BCED0D5E2AD99808007D00C0 /* Managers */ = {
			isa = PBXGroup;
			children = (
				131EE4072B2DF50600FA6241 /* APIServices.swift */,
			);
			path = Managers;
			sourceTree = "<group>";
		};
		BCED0D5F2AD99813007D00C0 /* Model */ = {
			isa = PBXGroup;
			children = (
				C44B073A2AE67E7E00848400 /* UserModel.swift */,
				C411A62D2AE6BDB500FC0B8D /* PostModel.swift */,
				C411A62B2AE6BD7E00FC0B8D /* QuickUserModel.swift */,
				C411A6332AE6BEFA00FC0B8D /* CommentModel.swift */,
				C411A6352AE6BF4D00FC0B8D /* NotificationModel.swift */,
				C411A6372AE6BF9100FC0B8D /* ReportModel.swift */,
				C40F963B2B1376220008AC54 /* MessageModel.swift */,
				13A1CCDC2B30A9D90035FA11 /* SearchResultModel.swift */,
			);
			path = Model;
			sourceTree = "<group>";
		};
		BCED0D602AD99824007D00C0 /* ViewModels */ = {
			isa = PBXGroup;
			children = (
				C44B073C2AE682BB00848400 /* HomeViewModel.swift */,
				C4370E2B2AF272B9001BE863 /* SearchViewModel.swift */,
				C40F963D2B1376510008AC54 /* ChatViewModel.swift */,
				C43AF66C2AF69ADF001C1BC4 /* ProfileViewModel.swift */,
			);
			path = ViewModels;
			sourceTree = "<group>";
		};
		BCED0D612AD9982F007D00C0 /* View */ = {
			isa = PBXGroup;
			children = (
				C41BD01F2AE95C5C00BBEB0E /* Home */,
				C41BD0202AE95C6700BBEB0E /* Search */,
				C41BD0212AE95C6E00BBEB0E /* Chat */,
				C41BD0222AE95C7500BBEB0E /* Profile */,
				C43AF6712AF6A795001C1BC4 /* Global */,
			);
			path = View;
			sourceTree = "<group>";
		};
		C40F963F2B1376EA0008AC54 /* SubView */ = {
			isa = PBXGroup;
			children = (
				C40F96402B13770E0008AC54 /* ChatViewChild.swift */,
			);
			path = SubView;
			sourceTree = "<group>";
		};
		C41BD01F2AE95C5C00BBEB0E /* Home */ = {
			isa = PBXGroup;
			children = (
				C42800C12AED4597000E6CB2 /* Parent */,
				C42800C22AED45A8000E6CB2 /* Post */,
				13A1CCC42B303BE40035FA11 /* Comment */,
			);
			path = Home;
			sourceTree = "<group>";
		};
		C41BD0202AE95C6700BBEB0E /* Search */ = {
			isa = PBXGroup;
			children = (
				C43AF6702AF6A75F001C1BC4 /* Parent */,
				C451519D2B090398009419E9 /* SubView */,
			);
			path = Search;
			sourceTree = "<group>";
		};
		C41BD0212AE95C6E00BBEB0E /* Chat */ = {
			isa = PBXGroup;
			children = (
				C43AF66F2AF6A74A001C1BC4 /* Parent */,
				C40F963F2B1376EA0008AC54 /* SubView */,
			);
			path = Chat;
			sourceTree = "<group>";
		};
		C41BD0222AE95C7500BBEB0E /* Profile */ = {
			isa = PBXGroup;
			children = (
				C43AF66E2AF6A724001C1BC4 /* Parent */,
				C43AF6742AF6A82C001C1BC4 /* SubView */,
			);
			path = Profile;
			sourceTree = "<group>";
		};
		C42800C12AED4597000E6CB2 /* Parent */ = {
			isa = PBXGroup;
			children = (
				C411A63F2AE6C5D500FC0B8D /* HomeView.swift */,
				C4BD2F012AF22AF4001F4D7F /* CategoryView.swift */,
			);
			path = Parent;
			sourceTree = "<group>";
		};
		C42800C22AED45A8000E6CB2 /* Post */ = {
			isa = PBXGroup;
			children = (
				C41BD0232AE95D0F00BBEB0E /* PostView.swift */,
				C42800C32AED45BF000E6CB2 /* PostHeaderView.swift */,
				C42800C52AED460D000E6CB2 /* PostBodyView.swift */,
				C4BD2EFF2AF209EA001F4D7F /* PostFooterView.swift */,
			);
			path = Post;
			sourceTree = "<group>";
		};
		C43AF66E2AF6A724001C1BC4 /* Parent */ = {
			isa = PBXGroup;
			children = (
				C41BD01D2AE95B0A00BBEB0E /* ProfileView.swift */,
			);
			path = Parent;
			sourceTree = "<group>";
		};
		C43AF66F2AF6A74A001C1BC4 /* Parent */ = {
			isa = PBXGroup;
			children = (
				C41BD01B2AE95B0000BBEB0E /* ChatView.swift */,
			);
			path = Parent;
			sourceTree = "<group>";
		};
		C43AF6702AF6A75F001C1BC4 /* Parent */ = {
			isa = PBXGroup;
			children = (
				C41BD0192AE95AF300BBEB0E /* SearchView.swift */,
			);
			path = Parent;
			sourceTree = "<group>";
		};
		C43AF6712AF6A795001C1BC4 /* Global */ = {
			isa = PBXGroup;
			children = (
				C43AF6722AF6A7BB001C1BC4 /* CardView.swift */,
				1315C8122B316F58004ECE08 /* ScrollToTopView.swift */,
			);
			path = Global;
			sourceTree = "<group>";
		};
		C43AF6742AF6A82C001C1BC4 /* SubView */ = {
			isa = PBXGroup;
			children = (
				C43AF6752AF6A85D001C1BC4 /* UserImageProfileView.swift */,
				C43AF6772AF6AA5D001C1BC4 /* UserHeaderView.swift */,
				C48E0EE42B13327B00D7260C /* UserPostView.swift */,
				C48E0EE62B1332CB00D7260C /* UserLikesView.swift */,
			);
			path = SubView;
			sourceTree = "<group>";
		};
		C451519D2B090398009419E9 /* SubView */ = {
			isa = PBXGroup;
			children = (
				C45151A02B090406009419E9 /* SearchSubView.swift */,
				13F617EC2B2E8A47005A867C /* SearchItemsView.swift */,
			);
			path = SubView;
			sourceTree = "<group>";
		};
/* End PBXGroup section */

/* Begin PBXNativeTarget section */
		BCED0D482AD997B4007D00C0 /* SocialWaveApp */ = {
			isa = PBXNativeTarget;
			buildConfigurationList = BCED0D572AD997B4007D00C0 /* Build configuration list for PBXNativeTarget "SocialWaveApp" */;
			buildPhases = (
				BCED0D452AD997B4007D00C0 /* Sources */,
				BCED0D462AD997B4007D00C0 /* Frameworks */,
				BCED0D472AD997B4007D00C0 /* Resources */,
			);
			buildRules = (
			);
			dependencies = (
			);
			name = SocialWaveApp;
			packageProductDependencies = (
				C42800BF2AED2D4E000E6CB2 /* Kingfisher */,
				131EE40C2B2DF91600FA6241 /* SwiftyJSON */,
			);
			productName = SocialWaveApp;
			productReference = BCED0D492AD997B4007D00C0 /* SocialWaveApp.app */;
			productType = "com.apple.product-type.application";
		};
/* End PBXNativeTarget section */

/* Begin PBXProject section */
		BCED0D412AD997B4007D00C0 /* Project object */ = {
			isa = PBXProject;
			attributes = {
				BuildIndependentTargetsInParallel = 1;
				LastSwiftUpdateCheck = 1410;
				LastUpgradeCheck = 1510;
				TargetAttributes = {
					BCED0D482AD997B4007D00C0 = {
						CreatedOnToolsVersion = 14.1;
					};
				};
			};
			buildConfigurationList = BCED0D442AD997B4007D00C0 /* Build configuration list for PBXProject "SocialWaveApp" */;
			compatibilityVersion = "Xcode 14.0";
			developmentRegion = en;
			hasScannedForEncodings = 0;
			knownRegions = (
				en,
				Base,
			);
			mainGroup = BCED0D402AD997B4007D00C0;
			packageReferences = (
				C42800BE2AED2D4E000E6CB2 /* XCRemoteSwiftPackageReference "Kingfisher" */,
				131EE40B2B2DF91500FA6241 /* XCRemoteSwiftPackageReference "SwiftyJSON" */,
			);
			productRefGroup = BCED0D4A2AD997B4007D00C0 /* Products */;
			projectDirPath = "";
			projectRoot = "";
			targets = (
				BCED0D482AD997B4007D00C0 /* SocialWaveApp */,
			);
		};
/* End PBXProject section */

/* Begin PBXResourcesBuildPhase section */
		BCED0D472AD997B4007D00C0 /* Resources */ = {
			isa = PBXResourcesBuildPhase;
			buildActionMask = 2147483647;
			files = (
				13A1CCC32B301C7C0035FA11 /* profileUser.json in Resources */,
				131EE3F02B2DEC8700FA6241 /* homePosts.json in Resources */,
				13A1CCDB2B30A56C0035FA11 /* searchItems.json in Resources */,
				BCED0D542AD997B4007D00C0 /* Preview Assets.xcassets in Resources */,
				BCED0D512AD997B4007D00C0 /* Assets.xcassets in Resources */,
				13A1CCD92B309EA90035FA11 /* chatUsers.json in Resources */,
			);
			runOnlyForDeploymentPostprocessing = 0;
		};
/* End PBXResourcesBuildPhase section */

/* Begin PBXSourcesBuildPhase section */
		BCED0D452AD997B4007D00C0 /* Sources */ = {
			isa = PBXSourcesBuildPhase;
			buildActionMask = 2147483647;
			files = (
				131EE4082B2DF50600FA6241 /* APIServices.swift in Sources */,
				C411A6362AE6BF4D00FC0B8D /* NotificationModel.swift in Sources */,
				C4370E2C2AF272B9001BE863 /* SearchViewModel.swift in Sources */,
				C498FFA32B119F1B0038463B /* CustomTopTabBar.swift in Sources */,
				C41BD01C2AE95B0000BBEB0E /* ChatView.swift in Sources */,
				C43AF6782AF6AA5D001C1BC4 /* UserHeaderView.swift in Sources */,
				C411A6262AE6BCD600FC0B8D /* CustomImagePicker.swift in Sources */,
				C4BD2F002AF209EA001F4D7F /* PostFooterView.swift in Sources */,
				C43AF6732AF6A7BB001C1BC4 /* CardView.swift in Sources */,
				C411A62A2AE6BD4E00FC0B8D /* Cache.swift in Sources */,
				BCED0D4F2AD997B4007D00C0 /* ContentView.swift in Sources */,
				C44B073D2AE682BB00848400 /* HomeViewModel.swift in Sources */,
				C498FF9F2B119EA60038463B /* Extension+View.swift in Sources */,
				C411A62E2AE6BDB500FC0B8D /* PostModel.swift in Sources */,
				BCED0D652AD99864007D00C0 /* CategoriesEnum.swift in Sources */,
				C411A63C2AE6C3D300FC0B8D /* Extension+Color.swift in Sources */,
				C45151A12B090406009419E9 /* SearchSubView.swift in Sources */,
				C411A6382AE6BF9100FC0B8D /* ReportModel.swift in Sources */,
				C40F963A2B1375830008AC54 /* Extension+Font.swift in Sources */,
				1315C8132B316F58004ECE08 /* ScrollToTopView.swift in Sources */,
				C411A6322AE6BE4C00FC0B8D /* CustomButtonStyle.swift in Sources */,
				13A1CCC82B304ECD0035FA11 /* CommentsView.swift in Sources */,
				C40F963C2B1376220008AC54 /* MessageModel.swift in Sources */,
				BCED0D6B2AD998C6007D00C0 /* Extension+Date.swift in Sources */,
				13A1CCDD2B30A9D90035FA11 /* SearchResultModel.swift in Sources */,
				C48E0EE52B13327C00D7260C /* UserPostView.swift in Sources */,
				C411A6302AE6BDFD00FC0B8D /* CustomTextFieldStyles.swift in Sources */,
				BCED0D4D2AD997B4007D00C0 /* SocialWaveAppApp.swift in Sources */,
				BCED0D632AD9984F007D00C0 /* RatingEnum.swift in Sources */,
				BCED0D672AD99880007D00C0 /* NotificationsEnum.swift in Sources */,
				C451519F2B0903C0009419E9 /* CustomSearchBar.swift in Sources */,
				131EE40A2B2DF59200FA6241 /* Typealias.swift in Sources */,
				C41BD0242AE95D0F00BBEB0E /* PostView.swift in Sources */,
				13F57BEF2B2B643D00C1AEA8 /* CustomHalfSheet.swift in Sources */,
				1381B6432B32C1B000C49721 /* CustomButtons.swift in Sources */,
				C4BD2F022AF22AF4001F4D7F /* CategoryView.swift in Sources */,
				C411A6402AE6C5D500FC0B8D /* HomeView.swift in Sources */,
				13FC57162B2BF1510077309A /* CustomHostingController.swift in Sources */,
				BCED0D6D2AD998DF007D00C0 /* Extension+String.swift in Sources */,
				13F617ED2B2E8A47005A867C /* SearchItemsView.swift in Sources */,
				C44B073F2AE684A800848400 /* Constant.swift in Sources */,
				13A1CCCA2B30686F0035FA11 /* CommentRow.swift in Sources */,
				BCED0D6F2AD998F3007D00C0 /* Extension+NSError.swift in Sources */,
				C411A63A2AE6C38B00FC0B8D /* CustomFloatingTabbar.swift in Sources */,
				C48E0EE72B1332CB00D7260C /* UserLikesView.swift in Sources */,
				C411A63E2AE6C42F00FC0B8D /* Extension+Image.swift in Sources */,
				C41BD01E2AE95B0A00BBEB0E /* ProfileView.swift in Sources */,
				C411A62C2AE6BD7E00FC0B8D /* QuickUserModel.swift in Sources */,
				C42800C62AED460D000E6CB2 /* PostBodyView.swift in Sources */,
				C43AF6762AF6A85D001C1BC4 /* UserImageProfileView.swift in Sources */,
				C42800C42AED45BF000E6CB2 /* PostHeaderView.swift in Sources */,
				C498FFA12B119EDA0038463B /* CustomTabBarButton.swift in Sources */,
				C43AF66D2AF69ADF001C1BC4 /* ProfileViewModel.swift in Sources */,
				131EE40F2B2DF9E100FA6241 /* ResponseDecoder.swift in Sources */,
				C40F963E2B1376510008AC54 /* ChatViewModel.swift in Sources */,
				C41BD0182AE909E100BBEB0E /* CustomToolBar.swift in Sources */,
				C40F96412B13770E0008AC54 /* ChatViewChild.swift in Sources */,
				C41BD01A2AE95AF300BBEB0E /* SearchView.swift in Sources */,
				C411A6342AE6BEFA00FC0B8D /* CommentModel.swift in Sources */,
				C44B073B2AE67E7E00848400 /* UserModel.swift in Sources */,
				BCED0D692AD998AF007D00C0 /* Extension+UIScreen.swift in Sources */,
			);
			runOnlyForDeploymentPostprocessing = 0;
		};
/* End PBXSourcesBuildPhase section */

/* Begin XCBuildConfiguration section */
		BCED0D552AD997B4007D00C0 /* Debug */ = {
			isa = XCBuildConfiguration;
			buildSettings = {
				ALWAYS_SEARCH_USER_PATHS = NO;
				CLANG_ANALYZER_NONNULL = YES;
				CLANG_ANALYZER_NUMBER_OBJECT_CONVERSION = YES_AGGRESSIVE;
				CLANG_CXX_LANGUAGE_STANDARD = "gnu++20";
				CLANG_ENABLE_MODULES = YES;
				CLANG_ENABLE_OBJC_ARC = YES;
				CLANG_ENABLE_OBJC_WEAK = YES;
				CLANG_WARN_BLOCK_CAPTURE_AUTORELEASING = YES;
				CLANG_WARN_BOOL_CONVERSION = YES;
				CLANG_WARN_COMMA = YES;
				CLANG_WARN_CONSTANT_CONVERSION = YES;
				CLANG_WARN_DEPRECATED_OBJC_IMPLEMENTATIONS = YES;
				CLANG_WARN_DIRECT_OBJC_ISA_USAGE = YES_ERROR;
				CLANG_WARN_DOCUMENTATION_COMMENTS = YES;
				CLANG_WARN_EMPTY_BODY = YES;
				CLANG_WARN_ENUM_CONVERSION = YES;
				CLANG_WARN_INFINITE_RECURSION = YES;
				CLANG_WARN_INT_CONVERSION = YES;
				CLANG_WARN_NON_LITERAL_NULL_CONVERSION = YES;
				CLANG_WARN_OBJC_IMPLICIT_RETAIN_SELF = YES;
				CLANG_WARN_OBJC_LITERAL_CONVERSION = YES;
				CLANG_WARN_OBJC_ROOT_CLASS = YES_ERROR;
				CLANG_WARN_QUOTED_INCLUDE_IN_FRAMEWORK_HEADER = YES;
				CLANG_WARN_RANGE_LOOP_ANALYSIS = YES;
				CLANG_WARN_STRICT_PROTOTYPES = YES;
				CLANG_WARN_SUSPICIOUS_MOVE = YES;
				CLANG_WARN_UNGUARDED_AVAILABILITY = YES_AGGRESSIVE;
				CLANG_WARN_UNREACHABLE_CODE = YES;
				CLANG_WARN__DUPLICATE_METHOD_MATCH = YES;
				COPY_PHASE_STRIP = NO;
				DEBUG_INFORMATION_FORMAT = dwarf;
				ENABLE_STRICT_OBJC_MSGSEND = YES;
				ENABLE_TESTABILITY = YES;
				ENABLE_USER_SCRIPT_SANDBOXING = YES;
				GCC_C_LANGUAGE_STANDARD = gnu11;
				GCC_DYNAMIC_NO_PIC = NO;
				GCC_NO_COMMON_BLOCKS = YES;
				GCC_OPTIMIZATION_LEVEL = 0;
				GCC_PREPROCESSOR_DEFINITIONS = (
					"DEBUG=1",
					"$(inherited)",
				);
				GCC_WARN_64_TO_32_BIT_CONVERSION = YES;
				GCC_WARN_ABOUT_RETURN_TYPE = YES_ERROR;
				GCC_WARN_UNDECLARED_SELECTOR = YES;
				GCC_WARN_UNINITIALIZED_AUTOS = YES_AGGRESSIVE;
				GCC_WARN_UNUSED_FUNCTION = YES;
				GCC_WARN_UNUSED_VARIABLE = YES;
				IPHONEOS_DEPLOYMENT_TARGET = 16.1;
				MTL_ENABLE_DEBUG_INFO = INCLUDE_SOURCE;
				MTL_FAST_MATH = YES;
				ONLY_ACTIVE_ARCH = YES;
				SDKROOT = iphoneos;
				SWIFT_ACTIVE_COMPILATION_CONDITIONS = DEBUG;
				SWIFT_OPTIMIZATION_LEVEL = "-Onone";
			};
			name = Debug;
		};
		BCED0D562AD997B4007D00C0 /* Release */ = {
			isa = XCBuildConfiguration;
			buildSettings = {
				ALWAYS_SEARCH_USER_PATHS = NO;
				CLANG_ANALYZER_NONNULL = YES;
				CLANG_ANALYZER_NUMBER_OBJECT_CONVERSION = YES_AGGRESSIVE;
				CLANG_CXX_LANGUAGE_STANDARD = "gnu++20";
				CLANG_ENABLE_MODULES = YES;
				CLANG_ENABLE_OBJC_ARC = YES;
				CLANG_ENABLE_OBJC_WEAK = YES;
				CLANG_WARN_BLOCK_CAPTURE_AUTORELEASING = YES;
				CLANG_WARN_BOOL_CONVERSION = YES;
				CLANG_WARN_COMMA = YES;
				CLANG_WARN_CONSTANT_CONVERSION = YES;
				CLANG_WARN_DEPRECATED_OBJC_IMPLEMENTATIONS = YES;
				CLANG_WARN_DIRECT_OBJC_ISA_USAGE = YES_ERROR;
				CLANG_WARN_DOCUMENTATION_COMMENTS = YES;
				CLANG_WARN_EMPTY_BODY = YES;
				CLANG_WARN_ENUM_CONVERSION = YES;
				CLANG_WARN_INFINITE_RECURSION = YES;
				CLANG_WARN_INT_CONVERSION = YES;
				CLANG_WARN_NON_LITERAL_NULL_CONVERSION = YES;
				CLANG_WARN_OBJC_IMPLICIT_RETAIN_SELF = YES;
				CLANG_WARN_OBJC_LITERAL_CONVERSION = YES;
				CLANG_WARN_OBJC_ROOT_CLASS = YES_ERROR;
				CLANG_WARN_QUOTED_INCLUDE_IN_FRAMEWORK_HEADER = YES;
				CLANG_WARN_RANGE_LOOP_ANALYSIS = YES;
				CLANG_WARN_STRICT_PROTOTYPES = YES;
				CLANG_WARN_SUSPICIOUS_MOVE = YES;
				CLANG_WARN_UNGUARDED_AVAILABILITY = YES_AGGRESSIVE;
				CLANG_WARN_UNREACHABLE_CODE = YES;
				CLANG_WARN__DUPLICATE_METHOD_MATCH = YES;
				COPY_PHASE_STRIP = NO;
				DEBUG_INFORMATION_FORMAT = "dwarf-with-dsym";
				ENABLE_NS_ASSERTIONS = NO;
				ENABLE_STRICT_OBJC_MSGSEND = YES;
				ENABLE_USER_SCRIPT_SANDBOXING = YES;
				GCC_C_LANGUAGE_STANDARD = gnu11;
				GCC_NO_COMMON_BLOCKS = YES;
				GCC_WARN_64_TO_32_BIT_CONVERSION = YES;
				GCC_WARN_ABOUT_RETURN_TYPE = YES_ERROR;
				GCC_WARN_UNDECLARED_SELECTOR = YES;
				GCC_WARN_UNINITIALIZED_AUTOS = YES_AGGRESSIVE;
				GCC_WARN_UNUSED_FUNCTION = YES;
				GCC_WARN_UNUSED_VARIABLE = YES;
				IPHONEOS_DEPLOYMENT_TARGET = 16.1;
				MTL_ENABLE_DEBUG_INFO = NO;
				MTL_FAST_MATH = YES;
				SDKROOT = iphoneos;
				SWIFT_COMPILATION_MODE = wholemodule;
				SWIFT_OPTIMIZATION_LEVEL = "-O";
				VALIDATE_PRODUCT = YES;
			};
			name = Release;
		};
		BCED0D582AD997B4007D00C0 /* Debug */ = {
			isa = XCBuildConfiguration;
			buildSettings = {
				ASSETCATALOG_COMPILER_APPICON_NAME = AppIcon;
				ASSETCATALOG_COMPILER_GLOBAL_ACCENT_COLOR_NAME = AccentColor;
				CODE_SIGN_STYLE = Automatic;
				CURRENT_PROJECT_VERSION = 1;
				DEVELOPMENT_ASSET_PATHS = "\"SocialWaveApp/Preview Content\"";
				DEVELOPMENT_TEAM = HP77R9PHEA;
				ENABLE_PREVIEWS = YES;
				GENERATE_INFOPLIST_FILE = YES;
				INFOPLIST_KEY_UIApplicationSceneManifest_Generation = YES;
				INFOPLIST_KEY_UIApplicationSupportsIndirectInputEvents = YES;
				INFOPLIST_KEY_UILaunchScreen_Generation = YES;
				INFOPLIST_KEY_UISupportedInterfaceOrientations = UIInterfaceOrientationPortrait;
				INFOPLIST_KEY_UISupportedInterfaceOrientations_iPad = "UIInterfaceOrientationPortrait UIInterfaceOrientationPortraitUpsideDown";
				IPHONEOS_DEPLOYMENT_TARGET = 15.0;
				LD_RUNPATH_SEARCH_PATHS = (
					"$(inherited)",
					"@executable_path/Frameworks",
				);
				MARKETING_VERSION = 1.0;
				PRODUCT_BUNDLE_IDENTIFIER = com.jeri.SocialWave.SocialWaveApp;
				PRODUCT_NAME = "$(TARGET_NAME)";
				SWIFT_EMIT_LOC_STRINGS = YES;
				SWIFT_VERSION = 5.0;
				TARGETED_DEVICE_FAMILY = "1,2";
			};
			name = Debug;
		};
		BCED0D592AD997B4007D00C0 /* Release */ = {
			isa = XCBuildConfiguration;
			buildSettings = {
				ASSETCATALOG_COMPILER_APPICON_NAME = AppIcon;
				ASSETCATALOG_COMPILER_GLOBAL_ACCENT_COLOR_NAME = AccentColor;
				CODE_SIGN_STYLE = Automatic;
				CURRENT_PROJECT_VERSION = 1;
				DEVELOPMENT_ASSET_PATHS = "\"SocialWaveApp/Preview Content\"";
				DEVELOPMENT_TEAM = HP77R9PHEA;
				ENABLE_PREVIEWS = YES;
				GENERATE_INFOPLIST_FILE = YES;
				INFOPLIST_KEY_UIApplicationSceneManifest_Generation = YES;
				INFOPLIST_KEY_UIApplicationSupportsIndirectInputEvents = YES;
				INFOPLIST_KEY_UILaunchScreen_Generation = YES;
				INFOPLIST_KEY_UISupportedInterfaceOrientations = UIInterfaceOrientationPortrait;
				INFOPLIST_KEY_UISupportedInterfaceOrientations_iPad = "UIInterfaceOrientationPortrait UIInterfaceOrientationPortraitUpsideDown";
				IPHONEOS_DEPLOYMENT_TARGET = 15.0;
				LD_RUNPATH_SEARCH_PATHS = (
					"$(inherited)",
					"@executable_path/Frameworks",
				);
				MARKETING_VERSION = 1.0;
				PRODUCT_BUNDLE_IDENTIFIER = com.jeri.SocialWave.SocialWaveApp;
				PRODUCT_NAME = "$(TARGET_NAME)";
				SWIFT_EMIT_LOC_STRINGS = YES;
				SWIFT_VERSION = 5.0;
				TARGETED_DEVICE_FAMILY = "1,2";
			};
			name = Release;
		};
/* End XCBuildConfiguration section */

/* Begin XCConfigurationList section */
		BCED0D442AD997B4007D00C0 /* Build configuration list for PBXProject "SocialWaveApp" */ = {
			isa = XCConfigurationList;
			buildConfigurations = (
				BCED0D552AD997B4007D00C0 /* Debug */,
				BCED0D562AD997B4007D00C0 /* Release */,
			);
			defaultConfigurationIsVisible = 0;
			defaultConfigurationName = Release;
		};
		BCED0D572AD997B4007D00C0 /* Build configuration list for PBXNativeTarget "SocialWaveApp" */ = {
			isa = XCConfigurationList;
			buildConfigurations = (
				BCED0D582AD997B4007D00C0 /* Debug */,
				BCED0D592AD997B4007D00C0 /* Release */,
			);
			defaultConfigurationIsVisible = 0;
			defaultConfigurationName = Release;
		};
/* End XCConfigurationList section */

/* Begin XCRemoteSwiftPackageReference section */
		131EE40B2B2DF91500FA6241 /* XCRemoteSwiftPackageReference "SwiftyJSON" */ = {
			isa = XCRemoteSwiftPackageReference;
			repositoryURL = "https://github.com/SwiftyJSON/SwiftyJSON";
			requirement = {
				kind = upToNextMajorVersion;
				minimumVersion = 5.0.1;
			};
		};
		C42800BE2AED2D4E000E6CB2 /* XCRemoteSwiftPackageReference "Kingfisher" */ = {
			isa = XCRemoteSwiftPackageReference;
			repositoryURL = "https://github.com/onevcat/Kingfisher";
			requirement = {
				kind = upToNextMajorVersion;
				minimumVersion = 7.0.0;
			};
		};
/* End XCRemoteSwiftPackageReference section */

/* Begin XCSwiftPackageProductDependency section */
		131EE40C2B2DF91600FA6241 /* SwiftyJSON */ = {
			isa = XCSwiftPackageProductDependency;
			package = 131EE40B2B2DF91500FA6241 /* XCRemoteSwiftPackageReference "SwiftyJSON" */;
			productName = SwiftyJSON;
		};
		C42800BF2AED2D4E000E6CB2 /* Kingfisher */ = {
			isa = XCSwiftPackageProductDependency;
			package = C42800BE2AED2D4E000E6CB2 /* XCRemoteSwiftPackageReference "Kingfisher" */;
			productName = Kingfisher;
		};
/* End XCSwiftPackageProductDependency section */
	};
	rootObject = BCED0D412AD997B4007D00C0 /* Project object */;
}
